
Microsoft Visual Studio Solution File, Format Version 12.00
# Visual Studio Version 16
VisualStudioVersion = 16.0.29519.181
MinimumVisualStudioVersion = 10.0.40219.1
Project("{2150E333-8FDC-42A3-9474-1A3956D46DE8}") = "Microservices", "Microservices", "{4167D13D-D81D-4673-BD2D-55AA5B64A989}"
EndProject
Project("{2150E333-8FDC-42A3-9474-1A3956D46DE8}") = "Domain", "Domain", "{2B169DE0-2B35-46E5-8DD6-B2C424D6A61F}"
EndProject
Project("{2150E333-8FDC-42A3-9474-1A3956D46DE8}") = "Infra.Bus", "Infra.Bus", "{95F6480D-D35E-4EF5-A965-B7E82E79FB74}"
EndProject
Project("{2150E333-8FDC-42A3-9474-1A3956D46DE8}") = "Infra.IoC", "Infra.IoC", "{3C55FB53-34AF-4719-B612-AC58A4B18671}"
EndProject
Project("{2150E333-8FDC-42A3-9474-1A3956D46DE8}") = "Presentation", "Presentation", "{452E13F4-7671-4B9C-8634-DDF5636D9ECC}"
EndProject
Project("{9A19103F-16F7-4668-BE54-9A1E7A4F7556}") = "MicroRabbit.Domain.Core", "MicroRabbit.Domain.Core\MicroRabbit.Domain.Core.csproj", "{9B2E56E4-B581-45C4-8A81-4547C09DECCF}"
EndProject
Project("{9A19103F-16F7-4668-BE54-9A1E7A4F7556}") = "MicroRabbit.Infra.Bus", "MicroRabbit.Infra.Bus\MicroRabbit.Infra.Bus.csproj", "{1F49FB0D-CAB3-41AE-91FF-5B5265020368}"
EndProject
Project("{FAE04EC0-301F-11D3-BF4B-00C04F79EFBC}") = "MicroRabbit.Infra.IoC", "MicroRabbit.IoC\MicroRabbit.Infra.IoC.csproj", "{8FB3F524-172D-4819-83FF-111C4BEBCEB9}"
EndProject
Project("{2150E333-8FDC-42A3-9474-1A3956D46DE8}") = "Banking", "Banking", "{B076D2F9-BB7A-4DCD-B404-EC643128C7E0}"
EndProject
Project("{2150E333-8FDC-42A3-9474-1A3956D46DE8}") = "Api", "Api", "{2D888F5E-81E3-41FC-9364-F7EDBC043905}"
EndProject
Project("{2150E333-8FDC-42A3-9474-1A3956D46DE8}") = "Domain", "Domain", "{24D90B9E-E276-46D9-A19E-379DAA0976FD}"
EndProject
Project("{2150E333-8FDC-42A3-9474-1A3956D46DE8}") = "Application", "Application", "{A989546D-01E8-4E73-8258-A1796FA72A94}"
EndProject
Project("{2150E333-8FDC-42A3-9474-1A3956D46DE8}") = "Data", "Data", "{3D022E8B-21E8-49C5-9A79-A097DD2385DE}"
EndProject
Project("{FAE04EC0-301F-11D3-BF4B-00C04F79EFBC}") = "MicroRabbit.Banking.Api", "MicroRabbit.Banking.Api\MicroRabbit.Banking.Api.csproj", "{65845318-CC99-41E5-9B80-A5C2AAA95CF0}"
EndProject
Project("{FAE04EC0-301F-11D3-BF4B-00C04F79EFBC}") = "MicroRabbit.Banking.Application", "MicroRabbit.Banking.Application\MicroRabbit.Banking.Application.csproj", "{3C10170A-5903-4F3E-AA1C-309FA4178E50}"
EndProject
Project("{FAE04EC0-301F-11D3-BF4B-00C04F79EFBC}") = "MicroRabbit.Banking.Data", "MicroRabbit.Banking.Data\MicroRabbit.Banking.Data.csproj", "{AAF2B077-02A7-4737-933B-D328B782FDA6}"
EndProject
Project("{FAE04EC0-301F-11D3-BF4B-00C04F79EFBC}") = "MicroRabbit.Banking.Domain", "MicroRabbit.Banking.Domain\MicroRabbit.Banking.Domain.csproj", "{4AC48F81-41B9-4B19-9601-963EE54385EF}"
EndProject
Project("{2150E333-8FDC-42A3-9474-1A3956D46DE8}") = "Transfer", "Transfer", "{8D203286-03AB-4EB1-B252-15E0BB51E864}"
EndProject
Project("{2150E333-8FDC-42A3-9474-1A3956D46DE8}") = "Api", "Api", "{B148C386-85B7-4A3C-BD06-61C59278F2A6}"
EndProject
Project("{2150E333-8FDC-42A3-9474-1A3956D46DE8}") = "Application", "Application", "{7D4E6762-9FBC-41FE-9D32-4BB72D916AA4}"
EndProject
Project("{2150E333-8FDC-42A3-9474-1A3956D46DE8}") = "Data", "Data", "{939B5E52-12AA-45A2-815B-55130C103DA2}"
EndProject
Project("{2150E333-8FDC-42A3-9474-1A3956D46DE8}") = "Domain", "Domain", "{80CC34AE-A9E5-4008-8C90-38BC0B293F06}"
EndProject
Project("{FAE04EC0-301F-11D3-BF4B-00C04F79EFBC}") = "MicroRabbit.Transfer.Api", "MicroRabbit.Transfer.Api\MicroRabbit.Transfer.Api.csproj", "{CC6FF663-6439-48AA-90EA-362B1049BB84}"
EndProject
Project("{FAE04EC0-301F-11D3-BF4B-00C04F79EFBC}") = "MicroRabbit.Transfer.Application", "MicroRabbit.Transfer.Application\MicroRabbit.Transfer.Application.csproj", "{2080597B-4D11-4B49-921E-A66A5F13B8A6}"
EndProject
Project("{FAE04EC0-301F-11D3-BF4B-00C04F79EFBC}") = "MicroRabbit.Transfer.Data", "MicroRabbit.Transfer.Data\MicroRabbit.Transfer.Data.csproj", "{ED37B127-087A-4B27-8DD1-D9E88BE722C9}"
EndProject
Project("{FAE04EC0-301F-11D3-BF4B-00C04F79EFBC}") = "MicroRabbit.Transfer.Domain", "MicroRabbit.Transfer.Domain\MicroRabbit.Transfer.Domain.csproj", "{5559B42E-5DEA-44DA-9CC2-D794179CC0E8}"
EndProject
Global
	GlobalSection(SolutionConfigurationPlatforms) = preSolution
		Debug|Any CPU = Debug|Any CPU
		Release|Any CPU = Release|Any CPU
	EndGlobalSection
	GlobalSection(ProjectConfigurationPlatforms) = postSolution
		{9B2E56E4-B581-45C4-8A81-4547C09DECCF}.Debug|Any CPU.ActiveCfg = Debug|Any CPU
		{9B2E56E4-B581-45C4-8A81-4547C09DECCF}.Debug|Any CPU.Build.0 = Debug|Any CPU
		{9B2E56E4-B581-45C4-8A81-4547C09DECCF}.Release|Any CPU.ActiveCfg = Release|Any CPU
		{9B2E56E4-B581-45C4-8A81-4547C09DECCF}.Release|Any CPU.Build.0 = Release|Any CPU
		{1F49FB0D-CAB3-41AE-91FF-5B5265020368}.Debug|Any CPU.ActiveCfg = Debug|Any CPU
		{1F49FB0D-CAB3-41AE-91FF-5B5265020368}.Debug|Any CPU.Build.0 = Debug|Any CPU
		{1F49FB0D-CAB3-41AE-91FF-5B5265020368}.Release|Any CPU.ActiveCfg = Release|Any CPU
		{1F49FB0D-CAB3-41AE-91FF-5B5265020368}.Release|Any CPU.Build.0 = Release|Any CPU
		{8FB3F524-172D-4819-83FF-111C4BEBCEB9}.Debug|Any CPU.ActiveCfg = Debug|Any CPU
		{8FB3F524-172D-4819-83FF-111C4BEBCEB9}.Debug|Any CPU.Build.0 = Debug|Any CPU
		{8FB3F524-172D-4819-83FF-111C4BEBCEB9}.Release|Any CPU.ActiveCfg = Release|Any CPU
		{8FB3F524-172D-4819-83FF-111C4BEBCEB9}.Release|Any CPU.Build.0 = Release|Any CPU
		{65845318-CC99-41E5-9B80-A5C2AAA95CF0}.Debug|Any CPU.ActiveCfg = Debug|Any CPU
		{65845318-CC99-41E5-9B80-A5C2AAA95CF0}.Debug|Any CPU.Build.0 = Debug|Any CPU
		{65845318-CC99-41E5-9B80-A5C2AAA95CF0}.Release|Any CPU.ActiveCfg = Release|Any CPU
		{65845318-CC99-41E5-9B80-A5C2AAA95CF0}.Release|Any CPU.Build.0 = Release|Any CPU
		{3C10170A-5903-4F3E-AA1C-309FA4178E50}.Debug|Any CPU.ActiveCfg = Debug|Any CPU
		{3C10170A-5903-4F3E-AA1C-309FA4178E50}.Debug|Any CPU.Build.0 = Debug|Any CPU
		{3C10170A-5903-4F3E-AA1C-309FA4178E50}.Release|Any CPU.ActiveCfg = Release|Any CPU
		{3C10170A-5903-4F3E-AA1C-309FA4178E50}.Release|Any CPU.Build.0 = Release|Any CPU
		{AAF2B077-02A7-4737-933B-D328B782FDA6}.Debug|Any CPU.ActiveCfg = Debug|Any CPU
		{AAF2B077-02A7-4737-933B-D328B782FDA6}.Debug|Any CPU.Build.0 = Debug|Any CPU
		{AAF2B077-02A7-4737-933B-D328B782FDA6}.Release|Any CPU.ActiveCfg = Release|Any CPU
		{AAF2B077-02A7-4737-933B-D328B782FDA6}.Release|Any CPU.Build.0 = Release|Any CPU
		{4AC48F81-41B9-4B19-9601-963EE54385EF}.Debug|Any CPU.ActiveCfg = Debug|Any CPU
		{4AC48F81-41B9-4B19-9601-963EE54385EF}.Debug|Any CPU.Build.0 = Debug|Any CPU
		{4AC48F81-41B9-4B19-9601-963EE54385EF}.Release|Any CPU.ActiveCfg = Release|Any CPU
		{4AC48F81-41B9-4B19-9601-963EE54385EF}.Release|Any CPU.Build.0 = Release|Any CPU
		{CC6FF663-6439-48AA-90EA-362B1049BB84}.Debug|Any CPU.ActiveCfg = Debug|Any CPU
		{CC6FF663-6439-48AA-90EA-362B1049BB84}.Debug|Any CPU.Build.0 = Debug|Any CPU
		{CC6FF663-6439-48AA-90EA-362B1049BB84}.Release|Any CPU.ActiveCfg = Release|Any CPU
		{CC6FF663-6439-48AA-90EA-362B1049BB84}.Release|Any CPU.Build.0 = Release|Any CPU
		{2080597B-4D11-4B49-921E-A66A5F13B8A6}.Debug|Any CPU.ActiveCfg = Debug|Any CPU
		{2080597B-4D11-4B49-921E-A66A5F13B8A6}.Debug|Any CPU.Build.0 = Debug|Any CPU
		{2080597B-4D11-4B49-921E-A66A5F13B8A6}.Release|Any CPU.ActiveCfg = Release|Any CPU
		{2080597B-4D11-4B49-921E-A66A5F13B8A6}.Release|Any CPU.Build.0 = Release|Any CPU
		{ED37B127-087A-4B27-8DD1-D9E88BE722C9}.Debug|Any CPU.ActiveCfg = Debug|Any CPU
		{ED37B127-087A-4B27-8DD1-D9E88BE722C9}.Debug|Any CPU.Build.0 = Debug|Any CPU
		{ED37B127-087A-4B27-8DD1-D9E88BE722C9}.Release|Any CPU.ActiveCfg = Release|Any CPU
		{ED37B127-087A-4B27-8DD1-D9E88BE722C9}.Release|Any CPU.Build.0 = Release|Any CPU
		{5559B42E-5DEA-44DA-9CC2-D794179CC0E8}.Debug|Any CPU.ActiveCfg = Debug|Any CPU
		{5559B42E-5DEA-44DA-9CC2-D794179CC0E8}.Debug|Any CPU.Build.0 = Debug|Any CPU
		{5559B42E-5DEA-44DA-9CC2-D794179CC0E8}.Release|Any CPU.ActiveCfg = Release|Any CPU
		{5559B42E-5DEA-44DA-9CC2-D794179CC0E8}.Release|Any CPU.Build.0 = Release|Any CPU
	EndGlobalSection
	GlobalSection(SolutionProperties) = preSolution
		HideSolutionNode = FALSE
	EndGlobalSection
	GlobalSection(NestedProjects) = preSolution
		{9B2E56E4-B581-45C4-8A81-4547C09DECCF} = {2B169DE0-2B35-46E5-8DD6-B2C424D6A61F}
		{1F49FB0D-CAB3-41AE-91FF-5B5265020368} = {95F6480D-D35E-4EF5-A965-B7E82E79FB74}
		{8FB3F524-172D-4819-83FF-111C4BEBCEB9} = {3C55FB53-34AF-4719-B612-AC58A4B18671}
		{B076D2F9-BB7A-4DCD-B404-EC643128C7E0} = {4167D13D-D81D-4673-BD2D-55AA5B64A989}
		{2D888F5E-81E3-41FC-9364-F7EDBC043905} = {B076D2F9-BB7A-4DCD-B404-EC643128C7E0}
		{24D90B9E-E276-46D9-A19E-379DAA0976FD} = {B076D2F9-BB7A-4DCD-B404-EC643128C7E0}
		{A989546D-01E8-4E73-8258-A1796FA72A94} = {B076D2F9-BB7A-4DCD-B404-EC643128C7E0}
		{3D022E8B-21E8-49C5-9A79-A097DD2385DE} = {B076D2F9-BB7A-4DCD-B404-EC643128C7E0}
		{65845318-CC99-41E5-9B80-A5C2AAA95CF0} = {2D888F5E-81E3-41FC-9364-F7EDBC043905}
		{3C10170A-5903-4F3E-AA1C-309FA4178E50} = {A989546D-01E8-4E73-8258-A1796FA72A94}
		{AAF2B077-02A7-4737-933B-D328B782FDA6} = {3D022E8B-21E8-49C5-9A79-A097DD2385DE}
		{4AC48F81-41B9-4B19-9601-963EE54385EF} = {24D90B9E-E276-46D9-A19E-379DAA0976FD}
		{8D203286-03AB-4EB1-B252-15E0BB51E864} = {4167D13D-D81D-4673-BD2D-55AA5B64A989}
		{B148C386-85B7-4A3C-BD06-61C59278F2A6} = {8D203286-03AB-4EB1-B252-15E0BB51E864}
		{7D4E6762-9FBC-41FE-9D32-4BB72D916AA4} = {8D203286-03AB-4EB1-B252-15E0BB51E864}
		{939B5E52-12AA-45A2-815B-55130C103DA2} = {8D203286-03AB-4EB1-B252-15E0BB51E864}
		{80CC34AE-A9E5-4008-8C90-38BC0B293F06} = {8D203286-03AB-4EB1-B252-15E0BB51E864}
		{CC6FF663-6439-48AA-90EA-362B1049BB84} = {B148C386-85B7-4A3C-BD06-61C59278F2A6}
		{2080597B-4D11-4B49-921E-A66A5F13B8A6} = {7D4E6762-9FBC-41FE-9D32-4BB72D916AA4}
		{ED37B127-087A-4B27-8DD1-D9E88BE722C9} = {939B5E52-12AA-45A2-815B-55130C103DA2}
		{5559B42E-5DEA-44DA-9CC2-D794179CC0E8} = {80CC34AE-A9E5-4008-8C90-38BC0B293F06}
	EndGlobalSection
	GlobalSection(ExtensibilityGlobals) = postSolution
		SolutionGuid = {47AA0225-53CD-4A69-96B1-81D39FFE7A6B}
	EndGlobalSection
EndGlobal
